
Microsoft Visual Studio Solution File, Format Version 12.00
# Visual Studio Version 17
VisualStudioVersion = 17.8.34330.188
MinimumVisualStudioVersion = 10.0.40219.1
Project("{FAE04EC0-301F-11D3-BF4B-00C04F79EFBC}") = "Asp .net core web app (MVC)", "Asp .net core web app (MVC)\Asp .net core web app (MVC).csproj", "{51372964-3105-487B-9968-3E3C8FDE4264}"
EndProject
Global
	GlobalSection(SolutionConfigurationPlatforms) = preSolution
		Debug|Any CPU = Debug|Any CPU
		Release|Any CPU = Release|Any CPU
	EndGlobalSection
	GlobalSection(ProjectConfigurationPlatforms) = postSolution
		{51372964-3105-487B-9968-3E3C8FDE4264}.Debug|Any CPU.ActiveCfg = Debug|Any CPU
		{51372964-3105-487B-9968-3E3C8FDE4264}.Debug|Any CPU.Build.0 = Debug|Any CPU
		{51372964-3105-487B-9968-3E3C8FDE4264}.Release|Any CPU.ActiveCfg = Release|Any CPU
		{51372964-3105-487B-9968-3E3C8FDE4264}.Release|Any CPU.Build.0 = Release|Any CPU
	EndGlobalSection
	GlobalSection(SolutionProperties) = preSolution
		HideSolutionNode = FALSE
	EndGlobalSection
	GlobalSection(ExtensibilityGlobals) = postSolution
		SolutionGuid = {8E8CB717-5ACD-472C-A9EC-6FC0C7DD5059}
	EndGlobalSection
EndGlobal
